
Microsoft Visual Studio Solution File, Format Version 12.00
# Visual Studio Version 16
VisualStudioVersion = 16.0.30309.148
MinimumVisualStudioVersion = 10.0.40219.1
Project("{FAE04EC0-301F-11D3-BF4B-00C04F79EFBC}") = "FOS_serial_port", "FOS_serial_port.csproj", "{D4528D4D-21F2-42A0-A4A8-1F2A7426DC7D}"
EndProject
Global
	GlobalSection(SolutionConfigurationPlatforms) = preSolution
		Debug|Any CPU = Debug|Any CPU
		Release|Any CPU = Release|Any CPU
	EndGlobalSection
	GlobalSection(ProjectConfigurationPlatforms) = postSolution
		{D4528D4D-21F2-42A0-A4A8-1F2A7426DC7D}.Debug|Any CPU.ActiveCfg = Debug|Any CPU
		{D4528D4D-21F2-42A0-A4A8-1F2A7426DC7D}.Debug|Any CPU.Build.0 = Debug|Any CPU
		{D4528D4D-21F2-42A0-A4A8-1F2A7426DC7D}.Release|Any CPU.ActiveCfg = Release|Any CPU
		{D4528D4D-21F2-42A0-A4A8-1F2A7426DC7D}.Release|Any CPU.Build.0 = Release|Any CPU
	EndGlobalSection
	GlobalSection(SolutionProperties) = preSolution
		HideSolutionNode = FALSE
	EndGlobalSection
	GlobalSection(ExtensibilityGlobals) = postSolution
		SolutionGuid = {6B6E6A2F-8AD3-4104-9698-13118933A760}
	EndGlobalSection
EndGlobal
